
Microsoft Visual Studio Solution File, Format Version 12.00
# Visual Studio Version 16
VisualStudioVersion = 16.0.30011.22
MinimumVisualStudioVersion = 10.0.40219.1
Project("{9A19103F-16F7-4668-BE54-9A1E7A4F7556}") = "AWSLambda1", "AWSLambda1.csproj", "{4574B879-B61E-4122-B0B3-3CA95D3C55B4}"
EndProject
Project("{9A19103F-16F7-4668-BE54-9A1E7A4F7556}") = "AWSLambda1.Tests", "..\AWSLambda1.Tests\AWSLambda1.Tests.csproj", "{441450EA-B100-486D-8173-8F1CBBF8E231}"
EndProject
Global
	GlobalSection(SolutionConfigurationPlatforms) = preSolution
		Debug|Any CPU = Debug|Any CPU
		Release|Any CPU = Release|Any CPU
	EndGlobalSection
	GlobalSection(ProjectConfigurationPlatforms) = postSolution
		{4574B879-B61E-4122-B0B3-3CA95D3C55B4}.Debug|Any CPU.ActiveCfg = Debug|Any CPU
		{4574B879-B61E-4122-B0B3-3CA95D3C55B4}.Debug|Any CPU.Build.0 = Debug|Any CPU
		{4574B879-B61E-4122-B0B3-3CA95D3C55B4}.Release|Any CPU.ActiveCfg = Release|Any CPU
		{4574B879-B61E-4122-B0B3-3CA95D3C55B4}.Release|Any CPU.Build.0 = Release|Any CPU
		{441450EA-B100-486D-8173-8F1CBBF8E231}.Debug|Any CPU.ActiveCfg = Debug|Any CPU
		{441450EA-B100-486D-8173-8F1CBBF8E231}.Debug|Any CPU.Build.0 = Debug|Any CPU
		{441450EA-B100-486D-8173-8F1CBBF8E231}.Release|Any CPU.ActiveCfg = Release|Any CPU
		{441450EA-B100-486D-8173-8F1CBBF8E231}.Release|Any CPU.Build.0 = Release|Any CPU
	EndGlobalSection
	GlobalSection(SolutionProperties) = preSolution
		HideSolutionNode = FALSE
	EndGlobalSection
	GlobalSection(ExtensibilityGlobals) = postSolution
		SolutionGuid = {981E8F6A-2E11-46CE-B839-D54BDB063CF3}
	EndGlobalSection
EndGlobal
